
Microsoft Visual Studio Solution File, Format Version 12.00
# Visual Studio 15
VisualStudioVersion = 15.0.27004.2006
MinimumVisualStudioVersion = 10.0.40219.1
Project("{2150E333-8FDC-42A3-9474-1A3956D46DE8}") = "src", "src", "{C95C6B58-3307-44FE-98C6-772850E5F01F}"
EndProject
Project("{2150E333-8FDC-42A3-9474-1A3956D46DE8}") = "test", "test", "{C31AEA22-C289-4DDC-868C-57EC85DD6D64}"
EndProject
Project("{9A19103F-16F7-4668-BE54-9A1E7A4F7556}") = "Aurochses.AspNetCore.Razor.TagHelpers", "src\Aurochses.AspNetCore.Razor.TagHelpers\Aurochses.AspNetCore.Razor.TagHelpers.csproj", "{46CAD0CD-D47B-4745-B2A9-D26A11CA52C4}"
EndProject
Project("{9A19103F-16F7-4668-BE54-9A1E7A4F7556}") = "Aurochses.AspNetCore.Razor.TagHelpers.Tests", "test\Aurochses.AspNetCore.Razor.TagHelpers.Tests\Aurochses.AspNetCore.Razor.TagHelpers.Tests.csproj", "{E8A88E48-EA62-4942-8BDB-706F02F882A1}"
EndProject
Global
	GlobalSection(SolutionConfigurationPlatforms) = preSolution
		Debug|Any CPU = Debug|Any CPU
		Release|Any CPU = Release|Any CPU
	EndGlobalSection
	GlobalSection(ProjectConfigurationPlatforms) = postSolution
		{46CAD0CD-D47B-4745-B2A9-D26A11CA52C4}.Debug|Any CPU.ActiveCfg = Debug|Any CPU
		{46CAD0CD-D47B-4745-B2A9-D26A11CA52C4}.Debug|Any CPU.Build.0 = Debug|Any CPU
		{46CAD0CD-D47B-4745-B2A9-D26A11CA52C4}.Release|Any CPU.ActiveCfg = Release|Any CPU
		{46CAD0CD-D47B-4745-B2A9-D26A11CA52C4}.Release|Any CPU.Build.0 = Release|Any CPU
		{E8A88E48-EA62-4942-8BDB-706F02F882A1}.Debug|Any CPU.ActiveCfg = Debug|Any CPU
		{E8A88E48-EA62-4942-8BDB-706F02F882A1}.Debug|Any CPU.Build.0 = Debug|Any CPU
		{E8A88E48-EA62-4942-8BDB-706F02F882A1}.Release|Any CPU.ActiveCfg = Release|Any CPU
		{E8A88E48-EA62-4942-8BDB-706F02F882A1}.Release|Any CPU.Build.0 = Release|Any CPU
	EndGlobalSection
	GlobalSection(SolutionProperties) = preSolution
		HideSolutionNode = FALSE
	EndGlobalSection
	GlobalSection(NestedProjects) = preSolution
		{46CAD0CD-D47B-4745-B2A9-D26A11CA52C4} = {C95C6B58-3307-44FE-98C6-772850E5F01F}
		{E8A88E48-EA62-4942-8BDB-706F02F882A1} = {C31AEA22-C289-4DDC-868C-57EC85DD6D64}
	EndGlobalSection
	GlobalSection(ExtensibilityGlobals) = postSolution
		SolutionGuid = {C49E56B3-0F90-4DA0-95B7-FB2B650D086F}
	EndGlobalSection
EndGlobal
