
Microsoft Visual Studio Solution File, Format Version 12.00
# Visual Studio 15
VisualStudioVersion = 15.0.26730.12
MinimumVisualStudioVersion = 10.0.40219.1
Project("{2150E333-8FDC-42A3-9474-1A3956D46DE8}") = "src", "src", "{C95C6B58-3307-44FE-98C6-772850E5F01F}"
EndProject
Project("{2150E333-8FDC-42A3-9474-1A3956D46DE8}") = "test", "test", "{C31AEA22-C289-4DDC-868C-57EC85DD6D64}"
EndProject
Project("{FAE04EC0-301F-11D3-BF4B-00C04F79EFBC}") = "Aurochses.Razor.TagHelpers", "src\Aurochses.Razor.TagHelpers\Aurochses.Razor.TagHelpers.csproj", "{835F8237-B649-428C-AAA7-522C9AB4D411}"
EndProject
Project("{FAE04EC0-301F-11D3-BF4B-00C04F79EFBC}") = "Aurochses.Razor.TagHelpers.Tests", "test\Aurochses.Razor.TagHelpers.Tests\Aurochses.Razor.TagHelpers.Tests.csproj", "{88EAC105-D7DB-4385-9C72-29C11B98FB4E}"
EndProject
Global
	GlobalSection(SolutionConfigurationPlatforms) = preSolution
		Debug|Any CPU = Debug|Any CPU
		Release|Any CPU = Release|Any CPU
	EndGlobalSection
	GlobalSection(ProjectConfigurationPlatforms) = postSolution
		{835F8237-B649-428C-AAA7-522C9AB4D411}.Debug|Any CPU.ActiveCfg = Debug|Any CPU
		{835F8237-B649-428C-AAA7-522C9AB4D411}.Debug|Any CPU.Build.0 = Debug|Any CPU
		{835F8237-B649-428C-AAA7-522C9AB4D411}.Release|Any CPU.ActiveCfg = Release|Any CPU
		{835F8237-B649-428C-AAA7-522C9AB4D411}.Release|Any CPU.Build.0 = Release|Any CPU
		{88EAC105-D7DB-4385-9C72-29C11B98FB4E}.Debug|Any CPU.ActiveCfg = Debug|Any CPU
		{88EAC105-D7DB-4385-9C72-29C11B98FB4E}.Debug|Any CPU.Build.0 = Debug|Any CPU
		{88EAC105-D7DB-4385-9C72-29C11B98FB4E}.Release|Any CPU.ActiveCfg = Release|Any CPU
		{88EAC105-D7DB-4385-9C72-29C11B98FB4E}.Release|Any CPU.Build.0 = Release|Any CPU
	EndGlobalSection
	GlobalSection(SolutionProperties) = preSolution
		HideSolutionNode = FALSE
	EndGlobalSection
	GlobalSection(NestedProjects) = preSolution
		{835F8237-B649-428C-AAA7-522C9AB4D411} = {C95C6B58-3307-44FE-98C6-772850E5F01F}
		{88EAC105-D7DB-4385-9C72-29C11B98FB4E} = {C31AEA22-C289-4DDC-868C-57EC85DD6D64}
	EndGlobalSection
	GlobalSection(ExtensibilityGlobals) = postSolution
		SolutionGuid = {C49E56B3-0F90-4DA0-95B7-FB2B650D086F}
	EndGlobalSection
EndGlobal
